
Microsoft Visual Studio Solution File, Format Version 12.00
# Visual Studio Version 17
VisualStudioVersion = 17.0.31903.59
MinimumVisualStudioVersion = 10.0.40219.1
Project("{FAE04EC0-301F-11D3-BF4B-00C04F79EFBC}") = "UnitTestProject", "UnitTestProject\UnitTestProject.csproj", "{1CB30615-ADFD-4A75-A94F-51E9187DEF4A}"
EndProject
Project("{FAE04EC0-301F-11D3-BF4B-00C04F79EFBC}") = "SuperHero.DataAccess", "SuperHero.DataAccess\SuperHero.DataAccess.csproj", "{442FB98B-6ACE-4DCD-871E-18017BCD3C68}"
EndProject
Project("{FAE04EC0-301F-11D3-BF4B-00C04F79EFBC}") = "SuperHero.Web", "SuperHero.Web\SuperHero.Web.csproj", "{3625147E-770A-4778-9B4C-D5E9F4BB69FF}"
EndProject
Global
	GlobalSection(SolutionConfigurationPlatforms) = preSolution
		Debug|Any CPU = Debug|Any CPU
		Release|Any CPU = Release|Any CPU
	EndGlobalSection
	GlobalSection(ProjectConfigurationPlatforms) = postSolution
		{1CB30615-ADFD-4A75-A94F-51E9187DEF4A}.Debug|Any CPU.ActiveCfg = Debug|Any CPU
		{1CB30615-ADFD-4A75-A94F-51E9187DEF4A}.Debug|Any CPU.Build.0 = Debug|Any CPU
		{1CB30615-ADFD-4A75-A94F-51E9187DEF4A}.Release|Any CPU.ActiveCfg = Release|Any CPU
		{1CB30615-ADFD-4A75-A94F-51E9187DEF4A}.Release|Any CPU.Build.0 = Release|Any CPU
		{442FB98B-6ACE-4DCD-871E-18017BCD3C68}.Debug|Any CPU.ActiveCfg = Debug|Any CPU
		{442FB98B-6ACE-4DCD-871E-18017BCD3C68}.Debug|Any CPU.Build.0 = Debug|Any CPU
		{442FB98B-6ACE-4DCD-871E-18017BCD3C68}.Release|Any CPU.ActiveCfg = Release|Any CPU
		{442FB98B-6ACE-4DCD-871E-18017BCD3C68}.Release|Any CPU.Build.0 = Release|Any CPU
		{3625147E-770A-4778-9B4C-D5E9F4BB69FF}.Debug|Any CPU.ActiveCfg = Debug|Any CPU
		{3625147E-770A-4778-9B4C-D5E9F4BB69FF}.Debug|Any CPU.Build.0 = Debug|Any CPU
		{3625147E-770A-4778-9B4C-D5E9F4BB69FF}.Release|Any CPU.ActiveCfg = Release|Any CPU
		{3625147E-770A-4778-9B4C-D5E9F4BB69FF}.Release|Any CPU.Build.0 = Release|Any CPU
	EndGlobalSection
	GlobalSection(SolutionProperties) = preSolution
		HideSolutionNode = FALSE
	EndGlobalSection
	GlobalSection(ExtensibilityGlobals) = postSolution
		SolutionGuid = {EADE611F-BAB4-47CE-BB0B-49F05E9C2274}
	EndGlobalSection
EndGlobal
